Microsoft Visual Studio Solution File, Format Version 12.00
# Visual Studio Version 17
VisualStudioVersion = 17.5.2.0
MinimumVisualStudioVersion = 10.0.40219.1
Project("{2150E333-8FDC-42A3-9474-1A3956D46DE8}") = "tests", "tests", "{7BE4F21D-38C8-430A-941B-A89244D0EF8D}"
EndProject
Project("{FAE04EC0-301F-11D3-BF4B-00C04F79EFBC}") = "FraudSys", "src\FraudSys.csproj", "{885A230E-7251-42C6-9E84-C22C80830798}"
EndProject
Project("{FAE04EC0-301F-11D3-BF4B-00C04F79EFBC}") = "FraudSys.Tests", "tests\FraudSys.Tests\FraudSys.Tests.csproj", "{0A590FD4-AAD6-4C44-A6C1-49B35D3D4FBD}"
EndProject
Global
	GlobalSection(SolutionConfigurationPlatforms) = preSolution
		Debug|Any CPU = Debug|Any CPU
		Release|Any CPU = Release|Any CPU
	EndGlobalSection
	GlobalSection(ProjectConfigurationPlatforms) = postSolution
		{885A230E-7251-42C6-9E84-C22C80830798}.Debug|Any CPU.ActiveCfg = Debug|Any CPU
		{885A230E-7251-42C6-9E84-C22C80830798}.Debug|Any CPU.Build.0 = Debug|Any CPU
		{885A230E-7251-42C6-9E84-C22C80830798}.Release|Any CPU.ActiveCfg = Release|Any CPU
		{885A230E-7251-42C6-9E84-C22C80830798}.Release|Any CPU.Build.0 = Release|Any CPU
		{0A590FD4-AAD6-4C44-A6C1-49B35D3D4FBD}.Debug|Any CPU.ActiveCfg = Debug|Any CPU
		{0A590FD4-AAD6-4C44-A6C1-49B35D3D4FBD}.Debug|Any CPU.Build.0 = Debug|Any CPU
		{0A590FD4-AAD6-4C44-A6C1-49B35D3D4FBD}.Release|Any CPU.ActiveCfg = Release|Any CPU
		{0A590FD4-AAD6-4C44-A6C1-49B35D3D4FBD}.Release|Any CPU.Build.0 = Release|Any CPU
	EndGlobalSection
	GlobalSection(SolutionProperties) = preSolution
		HideSolutionNode = FALSE
	EndGlobalSection
	GlobalSection(ExtensibilityGlobals) = postSolution
		SolutionGuid = {2E4B5FE2-56CB-4642-B59F-A395E0FFC40B}
	EndGlobalSection
	GlobalSection(NestedProjects) = preSolution
		{0A590FD4-AAD6-4C44-A6C1-49B35D3D4FBD} = {7BE4F21D-38C8-430A-941B-A89244D0EF8D}
	EndGlobalSection
EndGlobal
